
Microsoft Visual Studio Solution File, Format Version 12.00
# Visual Studio Version 17
VisualStudioVersion = 17.0.32126.317
MinimumVisualStudioVersion = 10.0.40219.1
Project("{FAE04EC0-301F-11D3-BF4B-00C04F79EFBC}") = "WiredBrainCoffee.SpecialCases", "WiredBrainCoffee.SpecialCases\WiredBrainCoffee.SpecialCases.csproj", "{02E81D0B-2CF3-457D-AEC1-AB6F9B381A4D}"
EndProject
Global
	GlobalSection(SolutionConfigurationPlatforms) = preSolution
		Debug|Any CPU = Debug|Any CPU
		Release|Any CPU = Release|Any CPU
	EndGlobalSection
	GlobalSection(ProjectConfigurationPlatforms) = postSolution
		{02E81D0B-2CF3-457D-AEC1-AB6F9B381A4D}.Debug|Any CPU.ActiveCfg = Debug|Any CPU
		{02E81D0B-2CF3-457D-AEC1-AB6F9B381A4D}.Debug|Any CPU.Build.0 = Debug|Any CPU
		{02E81D0B-2CF3-457D-AEC1-AB6F9B381A4D}.Release|Any CPU.ActiveCfg = Release|Any CPU
		{02E81D0B-2CF3-457D-AEC1-AB6F9B381A4D}.Release|Any CPU.Build.0 = Release|Any CPU
	EndGlobalSection
	GlobalSection(SolutionProperties) = preSolution
		HideSolutionNode = FALSE
	EndGlobalSection
	GlobalSection(ExtensibilityGlobals) = postSolution
		SolutionGuid = {41C19BC6-6B85-4C41-9BB6-83257C5CC642}
	EndGlobalSection
EndGlobal
